Microsoft Visual Studio Solution File, Format Version 11.00
# Visual Studio 2008

Project("{ABCCFCC0-B54E-07A7-1C90-016D4C408FBA}") = "GhostFinders", "Assembly-CSharp.csproj", "{FC2BB895-3183-8CA5-E32C-F2347CABBC32}"
EndProject
Project("{ABCCFCC0-B54E-07A7-1C90-016D4C408FBA}") = "GhostFinders", "Assembly-CSharp-Editor.csproj", "{F92378D7-DD18-98E3-AD76-891C1BE6E4BE}"
EndProject
Global
	GlobalSection(SolutionConfigurationPlatforms) = preSolution
		Debug|Any CPU = Debug|Any CPU
		Release|Any CPU = Release|Any CPU
	EndGlobalSection
	GlobalSection(ProjectConfigurationPlatforms) = postSolution
		{FC2BB895-3183-8CA5-E32C-F2347CABBC32}.Debug|Any CPU.ActiveCfg = Debug|Any CPU
		{FC2BB895-3183-8CA5-E32C-F2347CABBC32}.Debug|Any CPU.Build.0 = Debug|Any CPU
		{FC2BB895-3183-8CA5-E32C-F2347CABBC32}.Release|Any CPU.ActiveCfg = Release|Any CPU
		{FC2BB895-3183-8CA5-E32C-F2347CABBC32}.Release|Any CPU.Build.0 = Release|Any CPU
		{F92378D7-DD18-98E3-AD76-891C1BE6E4BE}.Debug|Any CPU.ActiveCfg = Debug|Any CPU
		{F92378D7-DD18-98E3-AD76-891C1BE6E4BE}.Debug|Any CPU.Build.0 = Debug|Any CPU
		{F92378D7-DD18-98E3-AD76-891C1BE6E4BE}.Release|Any CPU.ActiveCfg = Release|Any CPU
		{F92378D7-DD18-98E3-AD76-891C1BE6E4BE}.Release|Any CPU.Build.0 = Release|Any CPU
	EndGlobalSection
	GlobalSection(SolutionProperties) = preSolution
		HideSolutionNode = FALSE
	EndGlobalSection
	GlobalSection(MonoDevelopProperties) = preSolution
		StartupItem = Assembly-CSharp.csproj
	EndGlobalSection
EndGlobal
